// !$*UTF8*$!
{
	archiveVersion = 1;
	classes = {
	};
	objectVersion = 46;
	objects = {

/* Begin PBXBuildFile section */
		42ED146719DD6F8B0041F2EB /* main.m in Sources */ = {isa = PBXBuildFile; fileRef = 42ED146619DD6F8B0041F2EB /* main.m */; };
		42ED146A19DD6F8B0041F2EB /* AppDelegate.m in Sources */ = {isa = PBXBuildFile; fileRef = 42ED146919DD6F8B0041F2EB /* AppDelegate.m */; };
		42ED146D19DD6F8B0041F2EB /* MasterViewController.m in Sources */ = {isa = PBXBuildFile; fileRef = 42ED146C19DD6F8B0041F2EB /* MasterViewController.m */; };
		42ED147019DD6F8B0041F2EB /* DetailViewController.m in Sources */ = {isa = PBXBuildFile; fileRef = 42ED146F19DD6F8B0041F2EB /* DetailViewController.m */; };
		42ED147319DD6F8B0041F2EB /* Main.storyboard in Resources */ = {isa = PBXBuildFile; fileRef = 42ED147119DD6F8B0041F2EB /* Main.storyboard */; };
		42ED147519DD6F8B0041F2EB /* Images.xcassets in Resources */ = {isa = PBXBuildFile; fileRef = 42ED147419DD6F8B0041F2EB /* Images.xcassets */; };
		42ED147819DD6F8B0041F2EB /* LaunchScreen.xib in Resources */ = {isa = PBXBuildFile; fileRef = 42ED147619DD6F8B0041F2EB /* LaunchScreen.xib */; };
/* End PBXBuildFile section */

/* Begin PBXFileReference section */
		42ED146119DD6F8B0041F2EB /* PodUpdateIssue.app */ = {isa = PBXFileReference; explicitFileType = wrapper.application; includeInIndex = 0; path = PodUpdateIssue.app; sourceTree = BUILT_PRODUCTS_DIR; };
		42ED146519DD6F8B0041F2EB /* Info.plist */ = {isa = PBXFileReference; lastKnownFileType = text.plist.xml; path = Info.plist; sourceTree = "<group>"; };
		42ED146619DD6F8B0041F2EB /* main.m */ = {isa = PBXFileReference; lastKnownFileType = sourcecode.c.objc; path = main.m; sourceTree = "<group>"; };
		42ED146819DD6F8B0041F2EB /* AppDelegate.h */ = {isa = PBXFileReference; lastKnownFileType = sourcecode.c.h; path = AppDelegate.h; sourceTree = "<group>"; };
		42ED146919DD6F8B0041F2EB /* AppDelegate.m */ = {isa = PBXFileReference; lastKnownFileType = sourcecode.c.objc; path = AppDelegate.m; sourceTree = "<group>"; };
		42ED146B19DD6F8B0041F2EB /* MasterViewController.h */ = {isa = PBXFileReference; lastKnownFileType = sourcecode.c.h; path = MasterViewController.h; sourceTree = "<group>"; };
		42ED146C19DD6F8B0041F2EB /* MasterViewController.m */ = {isa = PBXFileReference; lastKnownFileType = sourcecode.c.objc; path = MasterViewController.m; sourceTree = "<group>"; };
		42ED146E19DD6F8B0041F2EB /* DetailViewController.h */ = {isa = PBXFileReference; lastKnownFileType = sourcecode.c.h; path = DetailViewController.h; sourceTree = "<group>"; };
		42ED146F19DD6F8B0041F2EB /* DetailViewController.m */ = {isa = PBXFileReference; lastKnownFileType = sourcecode.c.objc; path = DetailViewController.m; sourceTree = "<group>"; };
		42ED147219DD6F8B0041F2EB /* Base */ = {isa = PBXFileReference; lastKnownFileType = file.storyboard; name = Base; path = Base.lproj/Main.storyboard; sourceTree = "<group>"; };
		42ED147419DD6F8B0041F2EB /* Images.xcassets */ = {isa = PBXFileReference; lastKnownFileType = folder.assetcatalog; path = Images.xcassets; sourceTree = "<group>"; };
		42ED147719DD6F8B0041F2EB /* Base */ = {isa = PBXFileReference; lastKnownFileType = file.xib; name = Base; path = Base.lproj/LaunchScreen.xib; sourceTree = "<group>"; };
/* End PBXFileReference section */

/* Begin PBXFrameworksBuildPhase section */
		42ED145E19DD6F8B0041F2EB /* Frameworks */ = {
			isa = PBXFrameworksBuildPhase;
			buildActionMask = 2147483647;
			files = (
			);
			runOnlyForDeploymentPostprocessing = 0;
		};
/* End PBXFrameworksBuildPhase section */

/* Begin PBXGroup section */
		42ED145819DD6F8B0041F2EB = {
			isa = PBXGroup;
			children = (
				42ED146319DD6F8B0041F2EB /* PodUpdateIssue */,
				42ED146219DD6F8B0041F2EB /* Products */,
			);
			sourceTree = "<group>";
		};
		42ED146219DD6F8B0041F2EB /* Products */ = {
			isa = PBXGroup;
			children = (
				42ED146119DD6F8B0041F2EB /* PodUpdateIssue.app */,
			);
			name = Products;
			sourceTree = "<group>";
		};
		42ED146319DD6F8B0041F2EB /* PodUpdateIssue */ = {
			isa = PBXGroup;
			children = (
				42ED146819DD6F8B0041F2EB /* AppDelegate.h */,
				42ED146919DD6F8B0041F2EB /* AppDelegate.m */,
				42ED146B19DD6F8B0041F2EB /* MasterViewController.h */,
				42ED146C19DD6F8B0041F2EB /* MasterViewController.m */,
				42ED146E19DD6F8B0041F2EB /* DetailViewController.h */,
				42ED146F19DD6F8B0041F2EB /* DetailViewController.m */,
				42ED147119DD6F8B0041F2EB /* Main.storyboard */,
				42ED147419DD6F8B0041F2EB /* Images.xcassets */,
				42ED147619DD6F8B0041F2EB /* LaunchScreen.xib */,
				42ED146419DD6F8B0041F2EB /* Supporting Files */,
			);
			path = PodUpdateIssue;
			sourceTree = "<group>";
		};
		42ED146419DD6F8B0041F2EB /* Supporting Files */ = {
			isa = PBXGroup;
			children = (
				42ED146519DD6F8B0041F2EB /* Info.plist */,
				42ED146619DD6F8B0041F2EB /* main.m */,
			);
			name = "Supporting Files";
			sourceTree = "<group>";
		};
/* End PBXGroup section */

/* Begin PBXNativeTarget section */
		42ED146019DD6F8B0041F2EB /* PodUpdateIssue */ = {
			isa = PBXNativeTarget;
			buildConfigurationList = 42ED148719DD6F8B0041F2EB /* Build configuration list for PBXNativeTarget "PodUpdateIssue" */;
			buildPhases = (
				42ED145D19DD6F8B0041F2EB /* Sources */,
				42ED145E19DD6F8B0041F2EB /* Frameworks */,
				42ED145F19DD6F8B0041F2EB /* Resources */,
			);
			buildRules = (
			);
			dependencies = (
			);
			name = PodUpdateIssue;
			productName = PodUpdateIssue;
			productReference = 42ED146119DD6F8B0041F2EB /* PodUpdateIssue.app */;
			productType = "com.apple.product-type.application";
		};
/* End PBXNativeTarget section */

/* Begin PBXProject section */
		42ED145919DD6F8B0041F2EB /* Project object */ = {
			isa = PBXProject;
			attributes = {
				LastUpgradeCheck = 0600;
				ORGANIZATIONNAME = "Cliq Consulting";
				TargetAttributes = {
					42ED146019DD6F8B0041F2EB = {
						CreatedOnToolsVersion = 6.0;
					};
				};
			};
			buildConfigurationList = 42ED145C19DD6F8B0041F2EB /* Build configuration list for PBXProject "PodUpdateIssue" */;
			compatibilityVersion = "Xcode 3.2";
			developmentRegion = English;
			hasScannedForEncodings = 0;
			knownRegions = (
				en,
				Base,
			);
			mainGroup = 42ED145819DD6F8B0041F2EB;
			productRefGroup = 42ED146219DD6F8B0041F2EB /* Products */;
			projectDirPath = "";
			projectRoot = "";
			targets = (
				42ED146019DD6F8B0041F2EB /* PodUpdateIssue */,
			);
		};
/* End PBXProject section */

/* Begin PBXResourcesBuildPhase section */
		42ED145F19DD6F8B0041F2EB /* Resources */ = {
			isa = PBXResourcesBuildPhase;
			buildActionMask = 2147483647;
			files = (
				42ED147319DD6F8B0041F2EB /* Main.storyboard in Resources */,
				42ED147819DD6F8B0041F2EB /* LaunchScreen.xib in Resources */,
				42ED147519DD6F8B0041F2EB /* Images.xcassets in Resources */,
			);
			runOnlyForDeploymentPostprocessing = 0;
		};
/* End PBXResourcesBuildPhase section */

/* Begin PBXSourcesBuildPhase section */
		42ED145D19DD6F8B0041F2EB /* Sources */ = {
			isa = PBXSourcesBuildPhase;
			buildActionMask = 2147483647;
			files = (
				42ED146A19DD6F8B0041F2EB /* AppDelegate.m in Sources */,
				42ED146D19DD6F8B0041F2EB /* MasterViewController.m in Sources */,
				42ED146719DD6F8B0041F2EB /* main.m in Sources */,
				42ED147019DD6F8B0041F2EB /* DetailViewController.m in Sources */,
			);
			runOnlyForDeploymentPostprocessing = 0;
		};
/* End PBXSourcesBuildPhase section */

/* Begin PBXVariantGroup section */
		42ED147119DD6F8B0041F2EB /* Main.storyboard */ = {
			isa = PBXVariantGroup;
			children = (
				42ED147219DD6F8B0041F2EB /* Base */,
			);
			name = Main.storyboard;
			sourceTree = "<group>";
		};
		42ED147619DD6F8B0041F2EB /* LaunchScreen.xib */ = {
			isa = PBXVariantGroup;
			children = (
				42ED147719DD6F8B0041F2EB /* Base */,
			);
			name = LaunchScreen.xib;
			sourceTree = "<group>";
		};
/* End PBXVariantGroup section */

/* Begin XCBuildConfiguration section */
		42ED148D19DD6FAB0041F2EB /* Debug-Development */ = {
			isa = XCBuildConfiguration;
			buildSettings = {
				ALWAYS_SEARCH_USER_PATHS = NO;
				CLANG_CXX_LANGUAGE_STANDARD = "gnu++0x";
				CLANG_CXX_LIBRARY = "libc++";
				CLANG_ENABLE_MODULES = YES;
				CLANG_ENABLE_OBJC_ARC = YES;
				CLANG_WARN_BOOL_CONVERSION = YES;
				CLANG_WARN_CONSTANT_CONVERSION = YES;
				CLANG_WARN_DIRECT_OBJC_ISA_USAGE = YES_ERROR;
				CLANG_WARN_EMPTY_BODY = YES;
				CLANG_WARN_ENUM_CONVERSION = YES;
				CLANG_WARN_INT_CONVERSION = YES;
				CLANG_WARN_OBJC_ROOT_CLASS = YES_ERROR;
				CLANG_WARN_UNREACHABLE_CODE = YES;
				CLANG_WARN__DUPLICATE_METHOD_MATCH = YES;
				"CODE_SIGN_IDENTITY[sdk=iphoneos*]" = "iPhone Developer";
				COPY_PHASE_STRIP = NO;
				ENABLE_STRICT_OBJC_MSGSEND = YES;
				GCC_C_LANGUAGE_STANDARD = gnu99;
				GCC_DYNAMIC_NO_PIC = NO;
				GCC_OPTIMIZATION_LEVEL = 0;
				GCC_PREPROCESSOR_DEFINITIONS = (
					"DEBUG=1",
					"$(inherited)",
					"CLIQ_DEBUG=1",
					"CLIQ_DEVELOPMENT=1",
				);
				GCC_SYMBOLS_PRIVATE_EXTERN = NO;
				GCC_WARN_64_TO_32_BIT_CONVERSION = YES;
				GCC_WARN_ABOUT_RETURN_TYPE = YES_ERROR;
				GCC_WARN_UNDECLARED_SELECTOR = YES;
				GCC_WARN_UNINITIALIZED_AUTOS = YES_AGGRESSIVE;
				GCC_WARN_UNUSED_FUNCTION = YES;
				GCC_WARN_UNUSED_VARIABLE = YES;
				IPHONEOS_DEPLOYMENT_TARGET = 7.0;
				MTL_ENABLE_DEBUG_INFO = YES;
				ONLY_ACTIVE_ARCH = YES;
				SDKROOT = iphoneos;
			};
			name = "Debug-Development";
		};
		42ED148E19DD6FAB0041F2EB /* Debug-Development */ = {
			isa = XCBuildConfiguration;
			buildSettings = {
				ASSETCATALOG_COMPILER_APPICON_NAME = AppIcon;
				INFOPLIST_FILE = PodUpdateIssue/Info.plist;
				LD_RUNPATH_SEARCH_PATHS = "$(inherited) @executable_path/Frameworks";
				PRODUCT_NAME = "$(TARGET_NAME)";
			};
			name = "Debug-Development";
		};
		42ED148F19DD6FB80041F2EB /* Debug-Staging */ = {
			isa = XCBuildConfiguration;
			buildSettings = {
				ALWAYS_SEARCH_USER_PATHS = NO;
				CLANG_CXX_LANGUAGE_STANDARD = "gnu++0x";
				CLANG_CXX_LIBRARY = "libc++";
				CLANG_ENABLE_MODULES = YES;
				CLANG_ENABLE_OBJC_ARC = YES;
				CLANG_WARN_BOOL_CONVERSION = YES;
				CLANG_WARN_CONSTANT_CONVERSION = YES;
				CLANG_WARN_DIRECT_OBJC_ISA_USAGE = YES_ERROR;
				CLANG_WARN_EMPTY_BODY = YES;
				CLANG_WARN_ENUM_CONVERSION = YES;
				CLANG_WARN_INT_CONVERSION = YES;
				CLANG_WARN_OBJC_ROOT_CLASS = YES_ERROR;
				CLANG_WARN_UNREACHABLE_CODE = YES;
				CLANG_WARN__DUPLICATE_METHOD_MATCH = YES;
				"CODE_SIGN_IDENTITY[sdk=iphoneos*]" = "iPhone Developer";
				COPY_PHASE_STRIP = NO;
				ENABLE_STRICT_OBJC_MSGSEND = YES;
				GCC_C_LANGUAGE_STANDARD = gnu99;
				GCC_DYNAMIC_NO_PIC = NO;
				GCC_OPTIMIZATION_LEVEL = 0;
				GCC_PREPROCESSOR_DEFINITIONS = (
					"DEBUG=1",
					"$(inherited)",
					"CLIQ_DEBUG=1",
					"CLIQ_STAGIN=1",
				);
				GCC_SYMBOLS_PRIVATE_EXTERN = NO;
				GCC_WARN_64_TO_32_BIT_CONVERSION = YES;
				GCC_WARN_ABOUT_RETURN_TYPE = YES_ERROR;
				GCC_WARN_UNDECLARED_SELECTOR = YES;
				GCC_WARN_UNINITIALIZED_AUTOS = YES_AGGRESSIVE;
				GCC_WARN_UNUSED_FUNCTION = YES;
				GCC_WARN_UNUSED_VARIABLE = YES;
				IPHONEOS_DEPLOYMENT_TARGET = 7.0;
				MTL_ENABLE_DEBUG_INFO = YES;
				ONLY_ACTIVE_ARCH = YES;
				SDKROOT = iphoneos;
			};
			name = "Debug-Staging";
		};
		42ED149019DD6FB80041F2EB /* Debug-Staging */ = {
			isa = XCBuildConfiguration;
			buildSettings = {
				ASSETCATALOG_COMPILER_APPICON_NAME = AppIcon;
				INFOPLIST_FILE = PodUpdateIssue/Info.plist;
				LD_RUNPATH_SEARCH_PATHS = "$(inherited) @executable_path/Frameworks";
				PRODUCT_NAME = "$(TARGET_NAME)";
			};
			name = "Debug-Staging";
		};
		42ED149119DD6FBE0041F2EB /* Debug-Production */ = {
			isa = XCBuildConfiguration;
			buildSettings = {
				ALWAYS_SEARCH_USER_PATHS = NO;
				CLANG_CXX_LANGUAGE_STANDARD = "gnu++0x";
				CLANG_CXX_LIBRARY = "libc++";
				CLANG_ENABLE_MODULES = YES;
				CLANG_ENABLE_OBJC_ARC = YES;
				CLANG_WARN_BOOL_CONVERSION = YES;
				CLANG_WARN_CONSTANT_CONVERSION = YES;
				CLANG_WARN_DIRECT_OBJC_ISA_USAGE = YES_ERROR;
				CLANG_WARN_EMPTY_BODY = YES;
				CLANG_WARN_ENUM_CONVERSION = YES;
				CLANG_WARN_INT_CONVERSION = YES;
				CLANG_WARN_OBJC_ROOT_CLASS = YES_ERROR;
				CLANG_WARN_UNREACHABLE_CODE = YES;
				CLANG_WARN__DUPLICATE_METHOD_MATCH = YES;
				"CODE_SIGN_IDENTITY[sdk=iphoneos*]" = "iPhone Developer";
				COPY_PHASE_STRIP = NO;
				ENABLE_STRICT_OBJC_MSGSEND = YES;
				GCC_C_LANGUAGE_STANDARD = gnu99;
				GCC_DYNAMIC_NO_PIC = NO;
				GCC_OPTIMIZATION_LEVEL = 0;
				GCC_PREPROCESSOR_DEFINITIONS = (
					"DEBUG=1",
					"$(inherited)",
					"CLIQ_DEBUG=1",
					"CLIQ_PRODUCTION=1",
				);
				GCC_SYMBOLS_PRIVATE_EXTERN = NO;
				GCC_WARN_64_TO_32_BIT_CONVERSION = YES;
				GCC_WARN_ABOUT_RETURN_TYPE = YES_ERROR;
				GCC_WARN_UNDECLARED_SELECTOR = YES;
				GCC_WARN_UNINITIALIZED_AUTOS = YES_AGGRESSIVE;
				GCC_WARN_UNUSED_FUNCTION = YES;
				GCC_WARN_UNUSED_VARIABLE = YES;
				IPHONEOS_DEPLOYMENT_TARGET = 7.0;
				MTL_ENABLE_DEBUG_INFO = YES;
				ONLY_ACTIVE_ARCH = YES;
				SDKROOT = iphoneos;
			};
			name = "Debug-Production";
		};
		42ED149219DD6FBE0041F2EB /* Debug-Production */ = {
			isa = XCBuildConfiguration;
			buildSettings = {
				ASSETCATALOG_COMPILER_APPICON_NAME = AppIcon;
				INFOPLIST_FILE = PodUpdateIssue/Info.plist;
				LD_RUNPATH_SEARCH_PATHS = "$(inherited) @executable_path/Frameworks";
				PRODUCT_NAME = "$(TARGET_NAME)";
			};
			name = "Debug-Production";
		};
		42ED149319DD6FC90041F2EB /* AdHoc-Staging */ = {
			isa = XCBuildConfiguration;
			buildSettings = {
				ALWAYS_SEARCH_USER_PATHS = NO;
				CLANG_CXX_LANGUAGE_STANDARD = "gnu++0x";
				CLANG_CXX_LIBRARY = "libc++";
				CLANG_ENABLE_MODULES = YES;
				CLANG_ENABLE_OBJC_ARC = YES;
				CLANG_WARN_BOOL_CONVERSION = YES;
				CLANG_WARN_CONSTANT_CONVERSION = YES;
				CLANG_WARN_DIRECT_OBJC_ISA_USAGE = YES_ERROR;
				CLANG_WARN_EMPTY_BODY = YES;
				CLANG_WARN_ENUM_CONVERSION = YES;
				CLANG_WARN_INT_CONVERSION = YES;
				CLANG_WARN_OBJC_ROOT_CLASS = YES_ERROR;
				CLANG_WARN_UNREACHABLE_CODE = YES;
				CLANG_WARN__DUPLICATE_METHOD_MATCH = YES;
				"CODE_SIGN_IDENTITY[sdk=iphoneos*]" = "iPhone Developer";
				COPY_PHASE_STRIP = YES;
				ENABLE_NS_ASSERTIONS = NO;
				ENABLE_STRICT_OBJC_MSGSEND = YES;
				GCC_C_LANGUAGE_STANDARD = gnu99;
				GCC_PREPROCESSOR_DEFINITIONS = (
					"CLIQ_STAGING=1",
					"CLIQ_ADHOC=1",
				);
				GCC_WARN_64_TO_32_BIT_CONVERSION = YES;
				GCC_WARN_ABOUT_RETURN_TYPE = YES_ERROR;
				GCC_WARN_UNDECLARED_SELECTOR = YES;
				GCC_WARN_UNINITIALIZED_AUTOS = YES_AGGRESSIVE;
				GCC_WARN_UNUSED_FUNCTION = YES;
				GCC_WARN_UNUSED_VARIABLE = YES;
				IPHONEOS_DEPLOYMENT_TARGET = 7.0;
				MTL_ENABLE_DEBUG_INFO = NO;
				SDKROOT = iphoneos;
				VALIDATE_PRODUCT = YES;
			};
			name = "AdHoc-Staging";
		};
		42ED149419DD6FC90041F2EB /* AdHoc-Staging */ = {
			isa = XCBuildConfiguration;
			buildSettings = {
				ASSETCATALOG_COMPILER_APPICON_NAME = AppIcon;
				INFOPLIST_FILE = PodUpdateIssue/Info.plist;
				LD_RUNPATH_SEARCH_PATHS = "$(inherited) @executable_path/Frameworks";
				PRODUCT_NAME = "$(TARGET_NAME)";
			};
			name = "AdHoc-Staging";
		};
		42ED149519DD6FD60041F2EB /* AdHoc-Production */ = {
			isa = XCBuildConfiguration;
			buildSettings = {
				ALWAYS_SEARCH_USER_PATHS = NO;
				CLANG_CXX_LANGUAGE_STANDARD = "gnu++0x";
				CLANG_CXX_LIBRARY = "libc++";
				CLANG_ENABLE_MODULES = YES;
				CLANG_ENABLE_OBJC_ARC = YES;
				CLANG_WARN_BOOL_CONVERSION = YES;
				CLANG_WARN_CONSTANT_CONVERSION = YES;
				CLANG_WARN_DIRECT_OBJC_ISA_USAGE = YES_ERROR;
				CLANG_WARN_EMPTY_BODY = YES;
				CLANG_WARN_ENUM_CONVERSION = YES;
				CLANG_WARN_INT_CONVERSION = YES;
				CLANG_WARN_OBJC_ROOT_CLASS = YES_ERROR;
				CLANG_WARN_UNREACHABLE_CODE = YES;
				CLANG_WARN__DUPLICATE_METHOD_MATCH = YES;
				"CODE_SIGN_IDENTITY[sdk=iphoneos*]" = "iPhone Developer";
				COPY_PHASE_STRIP = YES;
				ENABLE_NS_ASSERTIONS = NO;
				ENABLE_STRICT_OBJC_MSGSEND = YES;
				GCC_C_LANGUAGE_STANDARD = gnu99;
				GCC_PREPROCESSOR_DEFINITIONS = (
					"CLIQ_PRODUCTION=1",
					"CLIQ_ADHOC=1",
				);
				GCC_WARN_64_TO_32_BIT_CONVERSION = YES;
				GCC_WARN_ABOUT_RETURN_TYPE = YES_ERROR;
				GCC_WARN_UNDECLARED_SELECTOR = YES;
				GCC_WARN_UNINITIALIZED_AUTOS = YES_AGGRESSIVE;
				GCC_WARN_UNUSED_FUNCTION = YES;
				GCC_WARN_UNUSED_VARIABLE = YES;
				IPHONEOS_DEPLOYMENT_TARGET = 7.0;
				MTL_ENABLE_DEBUG_INFO = NO;
				SDKROOT = iphoneos;
				VALIDATE_PRODUCT = YES;
			};
			name = "AdHoc-Production";
		};
		42ED149619DD6FD60041F2EB /* AdHoc-Production */ = {
			isa = XCBuildConfiguration;
			buildSettings = {
				ASSETCATALOG_COMPILER_APPICON_NAME = AppIcon;
				INFOPLIST_FILE = PodUpdateIssue/Info.plist;
				LD_RUNPATH_SEARCH_PATHS = "$(inherited) @executable_path/Frameworks";
				PRODUCT_NAME = "$(TARGET_NAME)";
			};
			name = "AdHoc-Production";
		};
		42ED149719DD6FDC0041F2EB /* AppStore-Production */ = {
			isa = XCBuildConfiguration;
			buildSettings = {
				ALWAYS_SEARCH_USER_PATHS = NO;
				CLANG_CXX_LANGUAGE_STANDARD = "gnu++0x";
				CLANG_CXX_LIBRARY = "libc++";
				CLANG_ENABLE_MODULES = YES;
				CLANG_ENABLE_OBJC_ARC = YES;
				CLANG_WARN_BOOL_CONVERSION = YES;
				CLANG_WARN_CONSTANT_CONVERSION = YES;
				CLANG_WARN_DIRECT_OBJC_ISA_USAGE = YES_ERROR;
				CLANG_WARN_EMPTY_BODY = YES;
				CLANG_WARN_ENUM_CONVERSION = YES;
				CLANG_WARN_INT_CONVERSION = YES;
				CLANG_WARN_OBJC_ROOT_CLASS = YES_ERROR;
				CLANG_WARN_UNREACHABLE_CODE = YES;
				CLANG_WARN__DUPLICATE_METHOD_MATCH = YES;
				"CODE_SIGN_IDENTITY[sdk=iphoneos*]" = "iPhone Developer";
				COPY_PHASE_STRIP = YES;
				ENABLE_NS_ASSERTIONS = NO;
				ENABLE_STRICT_OBJC_MSGSEND = YES;
				GCC_C_LANGUAGE_STANDARD = gnu99;
				GCC_PREPROCESSOR_DEFINITIONS = (
					"CLIQ_PRODUCTION=1",
					"CLIQ_APPSTORE=1",
				);
				GCC_WARN_64_TO_32_BIT_CONVERSION = YES;
				GCC_WARN_ABOUT_RETURN_TYPE = YES_ERROR;
				GCC_WARN_UNDECLARED_SELECTOR = YES;
				GCC_WARN_UNINITIALIZED_AUTOS = YES_AGGRESSIVE;
				GCC_WARN_UNUSED_FUNCTION = YES;
				GCC_WARN_UNUSED_VARIABLE = YES;
				IPHONEOS_DEPLOYMENT_TARGET = 7.0;
				MTL_ENABLE_DEBUG_INFO = NO;
				SDKROOT = iphoneos;
				VALIDATE_PRODUCT = YES;
			};
			name = "AppStore-Production";
		};
		42ED149819DD6FDC0041F2EB /* AppStore-Production */ = {
			isa = XCBuildConfiguration;
			buildSettings = {
				ASSETCATALOG_COMPILER_APPICON_NAME = AppIcon;
				INFOPLIST_FILE = PodUpdateIssue/Info.plist;
				LD_RUNPATH_SEARCH_PATHS = "$(inherited) @executable_path/Frameworks";
				PRODUCT_NAME = "$(TARGET_NAME)";
			};
			name = "AppStore-Production";
		};
/* End XCBuildConfiguration section */

/* Begin XCConfigurationList section */
		42ED145C19DD6F8B0041F2EB /* Build configuration list for PBXProject "PodUpdateIssue" */ = {
			isa = XCConfigurationList;
			buildConfigurations = (
				42ED149119DD6FBE0041F2EB /* Debug-Production */,
				42ED148F19DD6FB80041F2EB /* Debug-Staging */,
				42ED148D19DD6FAB0041F2EB /* Debug-Development */,
				42ED149519DD6FD60041F2EB /* AdHoc-Production */,
				42ED149719DD6FDC0041F2EB /* AppStore-Production */,
				42ED149319DD6FC90041F2EB /* AdHoc-Staging */,
			);
			defaultConfigurationIsVisible = 0;
			defaultConfigurationName = "Debug-Production";
		};
		42ED148719DD6F8B0041F2EB /* Build configuration list for PBXNativeTarget "PodUpdateIssue" */ = {
			isa = XCConfigurationList;
			buildConfigurations = (
				42ED149219DD6FBE0041F2EB /* Debug-Production */,
				42ED149019DD6FB80041F2EB /* Debug-Staging */,
				42ED148E19DD6FAB0041F2EB /* Debug-Development */,
				42ED149619DD6FD60041F2EB /* AdHoc-Production */,
				42ED149819DD6FDC0041F2EB /* AppStore-Production */,
				42ED149419DD6FC90041F2EB /* AdHoc-Staging */,
			);
			defaultConfigurationIsVisible = 0;
			defaultConfigurationName = "Debug-Production";
		};
/* End XCConfigurationList section */
	};
	rootObject = 42ED145919DD6F8B0041F2EB /* Project object */;
}
